
Microsoft Visual Studio Solution File, Format Version 12.00
# Visual Studio 15
VisualStudioVersion = 15.0.28307.329
MinimumVisualStudioVersion = 10.0.40219.1
Project("{FAE04EC0-301F-11D3-BF4B-00C04F79EFBC}") = "NP-HW-3", "NP-HW-3\NP-HW-3.csproj", "{0EDC3800-6BF4-4C42-B839-6858ED1CA3B9}"
EndProject
Global
	GlobalSection(SolutionConfigurationPlatforms) = preSolution
		Debug|Any CPU = Debug|Any CPU
		Release|Any CPU = Release|Any CPU
	EndGlobalSection
	GlobalSection(ProjectConfigurationPlatforms) = postSolution
		{0EDC3800-6BF4-4C42-B839-6858ED1CA3B9}.Debug|Any CPU.ActiveCfg = Debug|Any CPU
		{0EDC3800-6BF4-4C42-B839-6858ED1CA3B9}.Debug|Any CPU.Build.0 = Debug|Any CPU
		{0EDC3800-6BF4-4C42-B839-6858ED1CA3B9}.Release|Any CPU.ActiveCfg = Release|Any CPU
		{0EDC3800-6BF4-4C42-B839-6858ED1CA3B9}.Release|Any CPU.Build.0 = Release|Any CPU
	EndGlobalSection
	GlobalSection(SolutionProperties) = preSolution
		HideSolutionNode = FALSE
	EndGlobalSection
	GlobalSection(ExtensibilityGlobals) = postSolution
		SolutionGuid = {6B78529C-8412-4EAF-AC7A-91C505C2C44D}
	EndGlobalSection
EndGlobal
